
Microsoft Visual Studio Solution File, Format Version 12.00
# Visual Studio Version 16
VisualStudioVersion = 16.0.31313.79
MinimumVisualStudioVersion = 10.0.40219.1
Project("{FAE04EC0-301F-11D3-BF4B-00C04F79EFBC}") = "DATABASEEMPLOY", "DATABASEEMPLOY\DATABASEEMPLOY.csproj", "{BD5F37F7-AC98-4D63-A8FC-2F50298C2652}"
EndProject
Global
	GlobalSection(SolutionConfigurationPlatforms) = preSolution
		Debug|Any CPU = Debug|Any CPU
		Release|Any CPU = Release|Any CPU
	EndGlobalSection
	GlobalSection(ProjectConfigurationPlatforms) = postSolution
		{BD5F37F7-AC98-4D63-A8FC-2F50298C2652}.Debug|Any CPU.ActiveCfg = Debug|Any CPU
		{BD5F37F7-AC98-4D63-A8FC-2F50298C2652}.Debug|Any CPU.Build.0 = Debug|Any CPU
		{BD5F37F7-AC98-4D63-A8FC-2F50298C2652}.Release|Any CPU.ActiveCfg = Release|Any CPU
		{BD5F37F7-AC98-4D63-A8FC-2F50298C2652}.Release|Any CPU.Build.0 = Release|Any CPU
	EndGlobalSection
	GlobalSection(SolutionProperties) = preSolution
		HideSolutionNode = FALSE
	EndGlobalSection
	GlobalSection(ExtensibilityGlobals) = postSolution
		SolutionGuid = {7F69669B-E6F8-4123-B676-5645A49240E5}
	EndGlobalSection
EndGlobal
