
Microsoft Visual Studio Solution File, Format Version 12.00
# Visual Studio Version 16
VisualStudioVersion = 16.0.31205.134
MinimumVisualStudioVersion = 10.0.40219.1
Project("{FAE04EC0-301F-11D3-BF4B-00C04F79EFBC}") = "CLSLEMPLOYEE", "CLSLEMPLOYEE\CLSLEMPLOYEE.csproj", "{A3349A32-45CE-476A-B821-2BCAC0BF2C9C}"
EndProject
Project("{FAE04EC0-301F-11D3-BF4B-00C04F79EFBC}") = "EMPLOYMAIN", "EMPLOYMAIN\EMPLOYMAIN.csproj", "{0BF76C26-179E-495F-BF58-A700764C88A0}"
EndProject
Global
	GlobalSection(SolutionConfigurationPlatforms) = preSolution
		Debug|Any CPU = Debug|Any CPU
		Release|Any CPU = Release|Any CPU
	EndGlobalSection
	GlobalSection(ProjectConfigurationPlatforms) = postSolution
		{A3349A32-45CE-476A-B821-2BCAC0BF2C9C}.Debug|Any CPU.ActiveCfg = Debug|Any CPU
		{A3349A32-45CE-476A-B821-2BCAC0BF2C9C}.Debug|Any CPU.Build.0 = Debug|Any CPU
		{A3349A32-45CE-476A-B821-2BCAC0BF2C9C}.Release|Any CPU.ActiveCfg = Release|Any CPU
		{A3349A32-45CE-476A-B821-2BCAC0BF2C9C}.Release|Any CPU.Build.0 = Release|Any CPU
		{0BF76C26-179E-495F-BF58-A700764C88A0}.Debug|Any CPU.ActiveCfg = Debug|Any CPU
		{0BF76C26-179E-495F-BF58-A700764C88A0}.Debug|Any CPU.Build.0 = Debug|Any CPU
		{0BF76C26-179E-495F-BF58-A700764C88A0}.Release|Any CPU.ActiveCfg = Release|Any CPU
		{0BF76C26-179E-495F-BF58-A700764C88A0}.Release|Any CPU.Build.0 = Release|Any CPU
	EndGlobalSection
	GlobalSection(SolutionProperties) = preSolution
		HideSolutionNode = FALSE
	EndGlobalSection
	GlobalSection(ExtensibilityGlobals) = postSolution
		SolutionGuid = {FA4F1184-7502-43B9-AA49-5E63A5ED5BA1}
	EndGlobalSection
EndGlobal
